{
  "requires": true,
  "lockfileVersion": 1,
  "dependencies": {
    "react-social-login-buttons": {
      "version": "3.0.0",
      "resolved": "https://registry.npmjs.org/react-social-login-buttons/-/react-social-login-buttons-3.0.0.tgz",
      "integrity": "sha512-G9/qDbxWWmX1Y3Oq/jVI5pQF9kml2CI/+YerZfCcbiHgO59592xfUXRrbh38gUfNs0lj/pXAS4dZ99VK27yO9w=="
    }
  }
}
